
Microsoft Visual Studio Solution File, Format Version 12.00
# Visual Studio Version 17
VisualStudioVersion = 17.1.32210.238
MinimumVisualStudioVersion = 10.0.40219.1
Project("{FAE04EC0-301F-11D3-BF4B-00C04F79EFBC}") = "Application.Website", "Application.Website.csproj", "{AF80DF2A-62F1-4771-97D8-AA0D5EA696BA}"
EndProject
Project("{FAE04EC0-301F-11D3-BF4B-00C04F79EFBC}") = "Application.Model", "..\Application.Model\Application.Model.csproj", "{43BAE979-3850-41D2-87F3-11250E61FDE8}"
EndProject
Project("{FAE04EC0-301F-11D3-BF4B-00C04F79EFBC}") = "Application.Frontend", "..\Application.Frontend\Application.Frontend.csproj", "{F3948E28-4C4F-400F-9547-0046D55CA43B}"
EndProject
Project("{FAE04EC0-301F-11D3-BF4B-00C04F79EFBC}") = "Reload.Data", "..\Reload.Data\Reload.Data.csproj", "{44FBBE2A-B5DF-4B02-BBD5-9F02227F20D6}"
EndProject
Project("{FAE04EC0-301F-11D3-BF4B-00C04F79EFBC}") = "Reload.Web", "..\Reload.Web\Reload.Web.csproj", "{0BB9C70E-4CEE-4170-A6AE-A29FEC02B187}"
EndProject
Project("{2150E333-8FDC-42A3-9474-1A3956D46DE8}") = "Application.Modules", "Application.Modules", "{FE7B1D63-072D-45B2-8307-EADDCDC21DF3}"
EndProject
Project("{FAE04EC0-301F-11D3-BF4B-00C04F79EFBC}") = "Application.Modules.Home", "..\Application.Modules\Application.Modules.Home\Application.Modules.Home.csproj", "{6B3B2548-AC05-4F9B-BFF8-9CC0D608C5D7}"
EndProject
Project("{2150E333-8FDC-42A3-9474-1A3956D46DE8}") = "Pages", "Pages", "{BC02EAF5-1427-40F6-AE73-DBEC2D33B599}"
EndProject
Project("{FAE04EC0-301F-11D3-BF4B-00C04F79EFBC}") = "Application.Pages.Home", "..\Application.Pages\Application.Pages.Home\Application.Pages.Home.csproj", "{82C850F3-B677-4D0E-9C73-64279E6FB114}"
EndProject
Global
	GlobalSection(SolutionConfigurationPlatforms) = preSolution
		Debug|Any CPU = Debug|Any CPU
		Release|Any CPU = Release|Any CPU
	EndGlobalSection
	GlobalSection(ProjectConfigurationPlatforms) = postSolution
		{AF80DF2A-62F1-4771-97D8-AA0D5EA696BA}.Debug|Any CPU.ActiveCfg = Debug|Any CPU
		{AF80DF2A-62F1-4771-97D8-AA0D5EA696BA}.Debug|Any CPU.Build.0 = Debug|Any CPU
		{AF80DF2A-62F1-4771-97D8-AA0D5EA696BA}.Release|Any CPU.ActiveCfg = Release|Any CPU
		{AF80DF2A-62F1-4771-97D8-AA0D5EA696BA}.Release|Any CPU.Build.0 = Release|Any CPU
		{43BAE979-3850-41D2-87F3-11250E61FDE8}.Debug|Any CPU.ActiveCfg = Debug|Any CPU
		{43BAE979-3850-41D2-87F3-11250E61FDE8}.Debug|Any CPU.Build.0 = Debug|Any CPU
		{43BAE979-3850-41D2-87F3-11250E61FDE8}.Release|Any CPU.ActiveCfg = Release|Any CPU
		{43BAE979-3850-41D2-87F3-11250E61FDE8}.Release|Any CPU.Build.0 = Release|Any CPU
		{F3948E28-4C4F-400F-9547-0046D55CA43B}.Debug|Any CPU.ActiveCfg = Debug|Any CPU
		{F3948E28-4C4F-400F-9547-0046D55CA43B}.Debug|Any CPU.Build.0 = Debug|Any CPU
		{F3948E28-4C4F-400F-9547-0046D55CA43B}.Release|Any CPU.ActiveCfg = Release|Any CPU
		{F3948E28-4C4F-400F-9547-0046D55CA43B}.Release|Any CPU.Build.0 = Release|Any CPU
		{44FBBE2A-B5DF-4B02-BBD5-9F02227F20D6}.Debug|Any CPU.ActiveCfg = Debug|Any CPU
		{44FBBE2A-B5DF-4B02-BBD5-9F02227F20D6}.Debug|Any CPU.Build.0 = Debug|Any CPU
		{44FBBE2A-B5DF-4B02-BBD5-9F02227F20D6}.Release|Any CPU.ActiveCfg = Release|Any CPU
		{44FBBE2A-B5DF-4B02-BBD5-9F02227F20D6}.Release|Any CPU.Build.0 = Release|Any CPU
		{0BB9C70E-4CEE-4170-A6AE-A29FEC02B187}.Debug|Any CPU.ActiveCfg = Debug|Any CPU
		{0BB9C70E-4CEE-4170-A6AE-A29FEC02B187}.Debug|Any CPU.Build.0 = Debug|Any CPU
		{0BB9C70E-4CEE-4170-A6AE-A29FEC02B187}.Release|Any CPU.ActiveCfg = Release|Any CPU
		{0BB9C70E-4CEE-4170-A6AE-A29FEC02B187}.Release|Any CPU.Build.0 = Release|Any CPU
		{6B3B2548-AC05-4F9B-BFF8-9CC0D608C5D7}.Debug|Any CPU.ActiveCfg = Debug|Any CPU
		{6B3B2548-AC05-4F9B-BFF8-9CC0D608C5D7}.Debug|Any CPU.Build.0 = Debug|Any CPU
		{6B3B2548-AC05-4F9B-BFF8-9CC0D608C5D7}.Release|Any CPU.ActiveCfg = Release|Any CPU
		{6B3B2548-AC05-4F9B-BFF8-9CC0D608C5D7}.Release|Any CPU.Build.0 = Release|Any CPU
		{82C850F3-B677-4D0E-9C73-64279E6FB114}.Debug|Any CPU.ActiveCfg = Debug|Any CPU
		{82C850F3-B677-4D0E-9C73-64279E6FB114}.Debug|Any CPU.Build.0 = Debug|Any CPU
		{82C850F3-B677-4D0E-9C73-64279E6FB114}.Release|Any CPU.ActiveCfg = Release|Any CPU
		{82C850F3-B677-4D0E-9C73-64279E6FB114}.Release|Any CPU.Build.0 = Release|Any CPU
	EndGlobalSection
	GlobalSection(SolutionProperties) = preSolution
		HideSolutionNode = FALSE
	EndGlobalSection
	GlobalSection(NestedProjects) = preSolution
		{6B3B2548-AC05-4F9B-BFF8-9CC0D608C5D7} = {FE7B1D63-072D-45B2-8307-EADDCDC21DF3}
		{82C850F3-B677-4D0E-9C73-64279E6FB114} = {BC02EAF5-1427-40F6-AE73-DBEC2D33B599}
	EndGlobalSection
	GlobalSection(ExtensibilityGlobals) = postSolution
		SolutionGuid = {6E4373F9-E93C-4885-B436-26BC2EEF0238}
	EndGlobalSection
EndGlobal
